
Microsoft Visual Studio Solution File, Format Version 12.00
Project("{FAE04EC0-301F-11D3-BF4B-00C04F79EFBC}") = "Concurrency", "Concurrency\Concurrency.csproj", "{D7D42DCC-3B8A-4A29-9708-DA6A5A27D839}"
EndProject
Project("{FAE04EC0-301F-11D3-BF4B-00C04F79EFBC}") = "Tests", "Tests\Tests.csproj", "{5DF77F34-3300-4D34-A40F-DB194B8D8FD7}"
EndProject
Global
	GlobalSection(SolutionConfigurationPlatforms) = preSolution
		Debug|Any CPU = Debug|Any CPU
		Release|Any CPU = Release|Any CPU
	EndGlobalSection
	GlobalSection(ProjectConfigurationPlatforms) = postSolution
		{D7D42DCC-3B8A-4A29-9708-DA6A5A27D839}.Debug|Any CPU.ActiveCfg = Debug|Any CPU
		{D7D42DCC-3B8A-4A29-9708-DA6A5A27D839}.Debug|Any CPU.Build.0 = Debug|Any CPU
		{D7D42DCC-3B8A-4A29-9708-DA6A5A27D839}.Release|Any CPU.ActiveCfg = Release|Any CPU
		{D7D42DCC-3B8A-4A29-9708-DA6A5A27D839}.Release|Any CPU.Build.0 = Release|Any CPU
		{5DF77F34-3300-4D34-A40F-DB194B8D8FD7}.Debug|Any CPU.ActiveCfg = Debug|Any CPU
		{5DF77F34-3300-4D34-A40F-DB194B8D8FD7}.Debug|Any CPU.Build.0 = Debug|Any CPU
		{5DF77F34-3300-4D34-A40F-DB194B8D8FD7}.Release|Any CPU.ActiveCfg = Release|Any CPU
		{5DF77F34-3300-4D34-A40F-DB194B8D8FD7}.Release|Any CPU.Build.0 = Release|Any CPU
	EndGlobalSection
EndGlobal
